
Microsoft Visual Studio Solution File, Format Version 12.00
# Visual Studio Version 17
VisualStudioVersion = 17.11.35222.181
MinimumVisualStudioVersion = 10.0.40219.1
Project("{FAE04EC0-301F-11D3-BF4B-00C04F79EFBC}") = "BusinessProcessAutomation", "BusinessProcessAutomation.csproj", "{15A51420-5CC3-4DFF-BA42-1EB020CE91B5}"
EndProject
Global
	GlobalSection(SolutionConfigurationPlatforms) = preSolution
		Debug|Any CPU = Debug|Any CPU
		Release|Any CPU = Release|Any CPU
	EndGlobalSection
	GlobalSection(ProjectConfigurationPlatforms) = postSolution
		{15A51420-5CC3-4DFF-BA42-1EB020CE91B5}.Debug|Any CPU.ActiveCfg = Debug|Any CPU
		{15A51420-5CC3-4DFF-BA42-1EB020CE91B5}.Debug|Any CPU.Build.0 = Debug|Any CPU
		{15A51420-5CC3-4DFF-BA42-1EB020CE91B5}.Release|Any CPU.ActiveCfg = Release|Any CPU
		{15A51420-5CC3-4DFF-BA42-1EB020CE91B5}.Release|Any CPU.Build.0 = Release|Any CPU
	EndGlobalSection
	GlobalSection(SolutionProperties) = preSolution
		HideSolutionNode = FALSE
	EndGlobalSection
	GlobalSection(ExtensibilityGlobals) = postSolution
		SolutionGuid = {D0416C7C-2991-4016-B790-4C08079DF245}
	EndGlobalSection
EndGlobal
